
Microsoft Visual Studio Solution File, Format Version 12.00
# Visual Studio Version 17
VisualStudioVersion = 17.14.36511.14 d17.14
MinimumVisualStudioVersion = 10.0.40219.1
Project("{FAE04EC0-301F-11D3-BF4B-00C04F79EFBC}") = "List 03", "List 03.csproj", "{CC27F1B7-E3C9-46B2-AA17-A3D4E5F87F2C}"
EndProject
Global
	GlobalSection(SolutionConfigurationPlatforms) = preSolution
		Debug|Any CPU = Debug|Any CPU
		Release|Any CPU = Release|Any CPU
	EndGlobalSection
	GlobalSection(ProjectConfigurationPlatforms) = postSolution
		{CC27F1B7-E3C9-46B2-AA17-A3D4E5F87F2C}.Debug|Any CPU.ActiveCfg = Debug|Any CPU
		{CC27F1B7-E3C9-46B2-AA17-A3D4E5F87F2C}.Debug|Any CPU.Build.0 = Debug|Any CPU
		{CC27F1B7-E3C9-46B2-AA17-A3D4E5F87F2C}.Release|Any CPU.ActiveCfg = Release|Any CPU
		{CC27F1B7-E3C9-46B2-AA17-A3D4E5F87F2C}.Release|Any CPU.Build.0 = Release|Any CPU
	EndGlobalSection
	GlobalSection(SolutionProperties) = preSolution
		HideSolutionNode = FALSE
	EndGlobalSection
	GlobalSection(ExtensibilityGlobals) = postSolution
		SolutionGuid = {A606D5C0-C6D7-491D-A0B1-4BF81468B627}
	EndGlobalSection
EndGlobal
